
Microsoft Visual Studio Solution File, Format Version 12.00
# Visual Studio 14
VisualStudioVersion = 14.0.25123.0
MinimumVisualStudioVersion = 10.0.40219.1
Project("{8BC9CEB8-8B4A-11D0-8D11-00A0C91BC942}") = "Microsoft.Azure.IoT.Gateway", "..\..\bindings\uwp\uwp-binding\Microsoft.Azure.IoT.Gateway\Microsoft.Azure.IoT.Gateway.vcxproj", "{73BC50BE-DF0F-4D95-8D15-5C5DB4533801}"
EndProject
Project("{8BC9CEB8-8B4A-11D0-8D11-00A0C91BC942}") = "SetOfCppModules", "SetOfCppModules\SetOfCppModules.vcxproj", "{4AF9D6C8-E041-43CE-9CDF-4EF809B1C0AF}"
EndProject
Project("{FAE04EC0-301F-11D3-BF4B-00C04F79EFBC}") = "SetOfCsModules", "SetOfCsModules\SetOfCsModules.csproj", "{F85F97DA-7339-4516-BC3B-7E0DEEBC2623}"
EndProject
Project("{8BC9CEB8-8B4A-11D0-8D11-00A0C91BC942}") = "IotCoreGatewayCppUwp", "IotCoreGatewayCppUwp\IotCoreGatewayCppUwp.vcxproj", "{FEAC10C9-8B9C-4775-B178-4AFBDD9CF1B2}"
EndProject
Project("{8BC9CEB8-8B4A-11D0-8D11-00A0C91BC942}") = "IotCoreGatewayCpp", "IotCoreGatewayCpp\IotCoreGatewayCpp.vcxproj", "{EF323017-10DF-4B8D-91C3-C2A88476637B}"
EndProject
Project("{FAE04EC0-301F-11D3-BF4B-00C04F79EFBC}") = "IotCoreGatewayCs", "IotCoreGatewayCs\IotCoreGatewayCs.csproj", "{906A93A0-8964-4396-9290-E4D2F24F3C9E}"
EndProject
Global
	GlobalSection(SolutionConfigurationPlatforms) = preSolution
		Debug|Any CPU = Debug|Any CPU
		Debug|ARM = Debug|ARM
		Debug|x64 = Debug|x64
		Debug|x86 = Debug|x86
		Release|Any CPU = Release|Any CPU
		Release|ARM = Release|ARM
		Release|x64 = Release|x64
		Release|x86 = Release|x86
	EndGlobalSection
	GlobalSection(ProjectConfigurationPlatforms) = postSolution
		{73BC50BE-DF0F-4D95-8D15-5C5DB4533801}.Debug|Any CPU.ActiveCfg = Debug|Win32
		{73BC50BE-DF0F-4D95-8D15-5C5DB4533801}.Debug|ARM.ActiveCfg = Debug|ARM
		{73BC50BE-DF0F-4D95-8D15-5C5DB4533801}.Debug|ARM.Build.0 = Debug|ARM
		{73BC50BE-DF0F-4D95-8D15-5C5DB4533801}.Debug|x64.ActiveCfg = Debug|x64
		{73BC50BE-DF0F-4D95-8D15-5C5DB4533801}.Debug|x64.Build.0 = Debug|x64
		{73BC50BE-DF0F-4D95-8D15-5C5DB4533801}.Debug|x86.ActiveCfg = Debug|Win32
		{73BC50BE-DF0F-4D95-8D15-5C5DB4533801}.Debug|x86.Build.0 = Debug|Win32
		{73BC50BE-DF0F-4D95-8D15-5C5DB4533801}.Release|Any CPU.ActiveCfg = Release|Win32
		{73BC50BE-DF0F-4D95-8D15-5C5DB4533801}.Release|ARM.ActiveCfg = Release|ARM
		{73BC50BE-DF0F-4D95-8D15-5C5DB4533801}.Release|ARM.Build.0 = Release|ARM
		{73BC50BE-DF0F-4D95-8D15-5C5DB4533801}.Release|x64.ActiveCfg = Release|x64
		{73BC50BE-DF0F-4D95-8D15-5C5DB4533801}.Release|x64.Build.0 = Release|x64
		{73BC50BE-DF0F-4D95-8D15-5C5DB4533801}.Release|x86.ActiveCfg = Release|Win32
		{73BC50BE-DF0F-4D95-8D15-5C5DB4533801}.Release|x86.Build.0 = Release|Win32
		{4AF9D6C8-E041-43CE-9CDF-4EF809B1C0AF}.Debug|Any CPU.ActiveCfg = Debug|Win32
		{4AF9D6C8-E041-43CE-9CDF-4EF809B1C0AF}.Debug|ARM.ActiveCfg = Debug|ARM
		{4AF9D6C8-E041-43CE-9CDF-4EF809B1C0AF}.Debug|ARM.Build.0 = Debug|ARM
		{4AF9D6C8-E041-43CE-9CDF-4EF809B1C0AF}.Debug|x64.ActiveCfg = Debug|x64
		{4AF9D6C8-E041-43CE-9CDF-4EF809B1C0AF}.Debug|x64.Build.0 = Debug|x64
		{4AF9D6C8-E041-43CE-9CDF-4EF809B1C0AF}.Debug|x86.ActiveCfg = Debug|Win32
		{4AF9D6C8-E041-43CE-9CDF-4EF809B1C0AF}.Debug|x86.Build.0 = Debug|Win32
		{4AF9D6C8-E041-43CE-9CDF-4EF809B1C0AF}.Release|Any CPU.ActiveCfg = Release|Win32
		{4AF9D6C8-E041-43CE-9CDF-4EF809B1C0AF}.Release|ARM.ActiveCfg = Release|ARM
		{4AF9D6C8-E041-43CE-9CDF-4EF809B1C0AF}.Release|ARM.Build.0 = Release|ARM
		{4AF9D6C8-E041-43CE-9CDF-4EF809B1C0AF}.Release|x64.ActiveCfg = Release|x64
		{4AF9D6C8-E041-43CE-9CDF-4EF809B1C0AF}.Release|x64.Build.0 = Release|x64
		{4AF9D6C8-E041-43CE-9CDF-4EF809B1C0AF}.Release|x86.ActiveCfg = Release|Win32
		{4AF9D6C8-E041-43CE-9CDF-4EF809B1C0AF}.Release|x86.Build.0 = Release|Win32
		{F85F97DA-7339-4516-BC3B-7E0DEEBC2623}.Debug|Any CPU.ActiveCfg = Debug|x86
		{F85F97DA-7339-4516-BC3B-7E0DEEBC2623}.Debug|ARM.ActiveCfg = Debug|ARM
		{F85F97DA-7339-4516-BC3B-7E0DEEBC2623}.Debug|ARM.Build.0 = Debug|ARM
		{F85F97DA-7339-4516-BC3B-7E0DEEBC2623}.Debug|x64.ActiveCfg = Debug|x64
		{F85F97DA-7339-4516-BC3B-7E0DEEBC2623}.Debug|x64.Build.0 = Debug|x64
		{F85F97DA-7339-4516-BC3B-7E0DEEBC2623}.Debug|x86.ActiveCfg = Debug|x86
		{F85F97DA-7339-4516-BC3B-7E0DEEBC2623}.Debug|x86.Build.0 = Debug|x86
		{F85F97DA-7339-4516-BC3B-7E0DEEBC2623}.Release|Any CPU.ActiveCfg = Release|x86
		{F85F97DA-7339-4516-BC3B-7E0DEEBC2623}.Release|ARM.ActiveCfg = Release|ARM
		{F85F97DA-7339-4516-BC3B-7E0DEEBC2623}.Release|ARM.Build.0 = Release|ARM
		{F85F97DA-7339-4516-BC3B-7E0DEEBC2623}.Release|x64.ActiveCfg = Release|x64
		{F85F97DA-7339-4516-BC3B-7E0DEEBC2623}.Release|x64.Build.0 = Release|x64
		{F85F97DA-7339-4516-BC3B-7E0DEEBC2623}.Release|x86.ActiveCfg = Release|x86
		{F85F97DA-7339-4516-BC3B-7E0DEEBC2623}.Release|x86.Build.0 = Release|x86
		{FEAC10C9-8B9C-4775-B178-4AFBDD9CF1B2}.Debug|Any CPU.ActiveCfg = Debug|Win32
		{FEAC10C9-8B9C-4775-B178-4AFBDD9CF1B2}.Debug|ARM.ActiveCfg = Debug|ARM
		{FEAC10C9-8B9C-4775-B178-4AFBDD9CF1B2}.Debug|ARM.Build.0 = Debug|ARM
		{FEAC10C9-8B9C-4775-B178-4AFBDD9CF1B2}.Debug|ARM.Deploy.0 = Debug|ARM
		{FEAC10C9-8B9C-4775-B178-4AFBDD9CF1B2}.Debug|x64.ActiveCfg = Debug|x64
		{FEAC10C9-8B9C-4775-B178-4AFBDD9CF1B2}.Debug|x64.Build.0 = Debug|x64
		{FEAC10C9-8B9C-4775-B178-4AFBDD9CF1B2}.Debug|x64.Deploy.0 = Debug|x64
		{FEAC10C9-8B9C-4775-B178-4AFBDD9CF1B2}.Debug|x86.ActiveCfg = Debug|Win32
		{FEAC10C9-8B9C-4775-B178-4AFBDD9CF1B2}.Debug|x86.Build.0 = Debug|Win32
		{FEAC10C9-8B9C-4775-B178-4AFBDD9CF1B2}.Debug|x86.Deploy.0 = Debug|Win32
		{FEAC10C9-8B9C-4775-B178-4AFBDD9CF1B2}.Release|Any CPU.ActiveCfg = Release|Win32
		{FEAC10C9-8B9C-4775-B178-4AFBDD9CF1B2}.Release|ARM.ActiveCfg = Release|ARM
		{FEAC10C9-8B9C-4775-B178-4AFBDD9CF1B2}.Release|ARM.Build.0 = Release|ARM
		{FEAC10C9-8B9C-4775-B178-4AFBDD9CF1B2}.Release|ARM.Deploy.0 = Release|ARM
		{FEAC10C9-8B9C-4775-B178-4AFBDD9CF1B2}.Release|x64.ActiveCfg = Release|x64
		{FEAC10C9-8B9C-4775-B178-4AFBDD9CF1B2}.Release|x64.Build.0 = Release|x64
		{FEAC10C9-8B9C-4775-B178-4AFBDD9CF1B2}.Release|x64.Deploy.0 = Release|x64
		{FEAC10C9-8B9C-4775-B178-4AFBDD9CF1B2}.Release|x86.ActiveCfg = Release|Win32
		{FEAC10C9-8B9C-4775-B178-4AFBDD9CF1B2}.Release|x86.Build.0 = Release|Win32
		{FEAC10C9-8B9C-4775-B178-4AFBDD9CF1B2}.Release|x86.Deploy.0 = Release|Win32
		{EF323017-10DF-4B8D-91C3-C2A88476637B}.Debug|Any CPU.ActiveCfg = Debug|Win32
		{EF323017-10DF-4B8D-91C3-C2A88476637B}.Debug|ARM.ActiveCfg = Debug|ARM
		{EF323017-10DF-4B8D-91C3-C2A88476637B}.Debug|ARM.Build.0 = Debug|ARM
		{EF323017-10DF-4B8D-91C3-C2A88476637B}.Debug|ARM.Deploy.0 = Debug|ARM
		{EF323017-10DF-4B8D-91C3-C2A88476637B}.Debug|x64.ActiveCfg = Debug|x64
		{EF323017-10DF-4B8D-91C3-C2A88476637B}.Debug|x64.Build.0 = Debug|x64
		{EF323017-10DF-4B8D-91C3-C2A88476637B}.Debug|x64.Deploy.0 = Debug|x64
		{EF323017-10DF-4B8D-91C3-C2A88476637B}.Debug|x86.ActiveCfg = Debug|Win32
		{EF323017-10DF-4B8D-91C3-C2A88476637B}.Debug|x86.Build.0 = Debug|Win32
		{EF323017-10DF-4B8D-91C3-C2A88476637B}.Debug|x86.Deploy.0 = Debug|Win32
		{EF323017-10DF-4B8D-91C3-C2A88476637B}.Release|Any CPU.ActiveCfg = Release|Win32
		{EF323017-10DF-4B8D-91C3-C2A88476637B}.Release|ARM.ActiveCfg = Release|ARM
		{EF323017-10DF-4B8D-91C3-C2A88476637B}.Release|ARM.Build.0 = Release|ARM
		{EF323017-10DF-4B8D-91C3-C2A88476637B}.Release|ARM.Deploy.0 = Release|ARM
		{EF323017-10DF-4B8D-91C3-C2A88476637B}.Release|x64.ActiveCfg = Release|x64
		{EF323017-10DF-4B8D-91C3-C2A88476637B}.Release|x64.Build.0 = Release|x64
		{EF323017-10DF-4B8D-91C3-C2A88476637B}.Release|x64.Deploy.0 = Release|x64
		{EF323017-10DF-4B8D-91C3-C2A88476637B}.Release|x86.ActiveCfg = Release|Win32
		{EF323017-10DF-4B8D-91C3-C2A88476637B}.Release|x86.Build.0 = Release|Win32
		{EF323017-10DF-4B8D-91C3-C2A88476637B}.Release|x86.Deploy.0 = Release|Win32
		{906A93A0-8964-4396-9290-E4D2F24F3C9E}.Debug|Any CPU.ActiveCfg = Debug|x86
		{906A93A0-8964-4396-9290-E4D2F24F3C9E}.Debug|ARM.ActiveCfg = Debug|ARM
		{906A93A0-8964-4396-9290-E4D2F24F3C9E}.Debug|ARM.Build.0 = Debug|ARM
		{906A93A0-8964-4396-9290-E4D2F24F3C9E}.Debug|ARM.Deploy.0 = Debug|ARM
		{906A93A0-8964-4396-9290-E4D2F24F3C9E}.Debug|x64.ActiveCfg = Debug|x64
		{906A93A0-8964-4396-9290-E4D2F24F3C9E}.Debug|x64.Build.0 = Debug|x64
		{906A93A0-8964-4396-9290-E4D2F24F3C9E}.Debug|x64.Deploy.0 = Debug|x64
		{906A93A0-8964-4396-9290-E4D2F24F3C9E}.Debug|x86.ActiveCfg = Debug|x86
		{906A93A0-8964-4396-9290-E4D2F24F3C9E}.Debug|x86.Build.0 = Debug|x86
		{906A93A0-8964-4396-9290-E4D2F24F3C9E}.Debug|x86.Deploy.0 = Debug|x86
		{906A93A0-8964-4396-9290-E4D2F24F3C9E}.Release|Any CPU.ActiveCfg = Release|x86
		{906A93A0-8964-4396-9290-E4D2F24F3C9E}.Release|ARM.ActiveCfg = Release|ARM
		{906A93A0-8964-4396-9290-E4D2F24F3C9E}.Release|ARM.Build.0 = Release|ARM
		{906A93A0-8964-4396-9290-E4D2F24F3C9E}.Release|ARM.Deploy.0 = Release|ARM
		{906A93A0-8964-4396-9290-E4D2F24F3C9E}.Release|x64.ActiveCfg = Release|x64
		{906A93A0-8964-4396-9290-E4D2F24F3C9E}.Release|x64.Build.0 = Release|x64
		{906A93A0-8964-4396-9290-E4D2F24F3C9E}.Release|x64.Deploy.0 = Release|x64
		{906A93A0-8964-4396-9290-E4D2F24F3C9E}.Release|x86.ActiveCfg = Release|x86
		{906A93A0-8964-4396-9290-E4D2F24F3C9E}.Release|x86.Build.0 = Release|x86
		{906A93A0-8964-4396-9290-E4D2F24F3C9E}.Release|x86.Deploy.0 = Release|x86
	EndGlobalSection
	GlobalSection(SolutionProperties) = preSolution
		HideSolutionNode = FALSE
	EndGlobalSection
EndGlobal
