
Microsoft Visual Studio Solution File, Format Version 12.00
# Visual Studio 14
VisualStudioVersion = 14.0.25420.1
MinimumVisualStudioVersion = 10.0.40219.1
Project("{8BC9CEB8-8B4A-11D0-8D11-00A0C91BC942}") = "Microsoft.Azure.IoT.Gateway", "..\..\bindings\uwp\uwp-binding\Microsoft.Azure.IoT.Gateway\Microsoft.Azure.IoT.Gateway.vcxproj", "{73BC50BE-DF0F-4D95-8D15-5C5DB4533801}"
EndProject
Project("{8BC9CEB8-8B4A-11D0-8D11-00A0C91BC942}") = "SetOfCppModules", "SetOfCppModules\SetOfCppModules.vcxproj", "{5F4E503D-39B4-4F12-B171-3F31FF666DB1}"
EndProject
Project("{FAE04EC0-301F-11D3-BF4B-00C04F79EFBC}") = "SetOfCsModules", "SetOfCsModules\SetOfCsModules.csproj", "{F85F97DA-7339-4516-BC3B-7E0DEEBC2623}"
EndProject
Project("{FAE04EC0-301F-11D3-BF4B-00C04F79EFBC}") = "IotCoreGatewayCs", "IotCoreGatewayCs\IotCoreGatewayCs.csproj", "{906A93A0-8964-4396-9290-E4D2F24F3C9E}"
EndProject
Project("{8BC9CEB8-8B4A-11D0-8D11-00A0C91BC942}") = "IotCoreGatewayCpp", "IotCoreGatewayCpp\IotCoreGatewayCpp.vcxproj", "{93DA4A95-DD8D-4648-99BD-252A346FE502}"
EndProject
Project("{8BC9CEB8-8B4A-11D0-8D11-00A0C91BC942}") = "IotCoreGatewayCppUwp", "IotCoreGatewayCppUwp\IotCoreGatewayCppUwp.vcxproj", "{34378584-4422-4F12-88B0-C70C11435343}"
EndProject
Global
	GlobalSection(SolutionConfigurationPlatforms) = preSolution
		Debug|ARM = Debug|ARM
		Debug|x64 = Debug|x64
		Debug|x86 = Debug|x86
		Release|ARM = Release|ARM
		Release|x64 = Release|x64
		Release|x86 = Release|x86
	EndGlobalSection
	GlobalSection(ProjectConfigurationPlatforms) = postSolution
		{73BC50BE-DF0F-4D95-8D15-5C5DB4533801}.Debug|ARM.ActiveCfg = Debug|ARM
		{73BC50BE-DF0F-4D95-8D15-5C5DB4533801}.Debug|ARM.Build.0 = Debug|ARM
		{73BC50BE-DF0F-4D95-8D15-5C5DB4533801}.Debug|x64.ActiveCfg = Debug|x64
		{73BC50BE-DF0F-4D95-8D15-5C5DB4533801}.Debug|x64.Build.0 = Debug|x64
		{73BC50BE-DF0F-4D95-8D15-5C5DB4533801}.Debug|x86.ActiveCfg = Debug|Win32
		{73BC50BE-DF0F-4D95-8D15-5C5DB4533801}.Debug|x86.Build.0 = Debug|Win32
		{73BC50BE-DF0F-4D95-8D15-5C5DB4533801}.Release|ARM.ActiveCfg = Release|ARM
		{73BC50BE-DF0F-4D95-8D15-5C5DB4533801}.Release|ARM.Build.0 = Release|ARM
		{73BC50BE-DF0F-4D95-8D15-5C5DB4533801}.Release|x64.ActiveCfg = Release|x64
		{73BC50BE-DF0F-4D95-8D15-5C5DB4533801}.Release|x64.Build.0 = Release|x64
		{73BC50BE-DF0F-4D95-8D15-5C5DB4533801}.Release|x86.ActiveCfg = Release|Win32
		{73BC50BE-DF0F-4D95-8D15-5C5DB4533801}.Release|x86.Build.0 = Release|Win32
		{5F4E503D-39B4-4F12-B171-3F31FF666DB1}.Debug|ARM.ActiveCfg = Debug|ARM
		{5F4E503D-39B4-4F12-B171-3F31FF666DB1}.Debug|ARM.Build.0 = Debug|ARM
		{5F4E503D-39B4-4F12-B171-3F31FF666DB1}.Debug|x64.ActiveCfg = Debug|x64
		{5F4E503D-39B4-4F12-B171-3F31FF666DB1}.Debug|x64.Build.0 = Debug|x64
		{5F4E503D-39B4-4F12-B171-3F31FF666DB1}.Debug|x86.ActiveCfg = Debug|Win32
		{5F4E503D-39B4-4F12-B171-3F31FF666DB1}.Debug|x86.Build.0 = Debug|Win32
		{5F4E503D-39B4-4F12-B171-3F31FF666DB1}.Release|ARM.ActiveCfg = Release|ARM
		{5F4E503D-39B4-4F12-B171-3F31FF666DB1}.Release|ARM.Build.0 = Release|ARM
		{5F4E503D-39B4-4F12-B171-3F31FF666DB1}.Release|x64.ActiveCfg = Release|x64
		{5F4E503D-39B4-4F12-B171-3F31FF666DB1}.Release|x64.Build.0 = Release|x64
		{5F4E503D-39B4-4F12-B171-3F31FF666DB1}.Release|x86.ActiveCfg = Release|Win32
		{5F4E503D-39B4-4F12-B171-3F31FF666DB1}.Release|x86.Build.0 = Release|Win32
		{F85F97DA-7339-4516-BC3B-7E0DEEBC2623}.Debug|ARM.ActiveCfg = Debug|ARM
		{F85F97DA-7339-4516-BC3B-7E0DEEBC2623}.Debug|ARM.Build.0 = Debug|ARM
		{F85F97DA-7339-4516-BC3B-7E0DEEBC2623}.Debug|x64.ActiveCfg = Debug|x64
		{F85F97DA-7339-4516-BC3B-7E0DEEBC2623}.Debug|x64.Build.0 = Debug|x64
		{F85F97DA-7339-4516-BC3B-7E0DEEBC2623}.Debug|x86.ActiveCfg = Debug|x86
		{F85F97DA-7339-4516-BC3B-7E0DEEBC2623}.Debug|x86.Build.0 = Debug|x86
		{F85F97DA-7339-4516-BC3B-7E0DEEBC2623}.Release|ARM.ActiveCfg = Release|ARM
		{F85F97DA-7339-4516-BC3B-7E0DEEBC2623}.Release|ARM.Build.0 = Release|ARM
		{F85F97DA-7339-4516-BC3B-7E0DEEBC2623}.Release|x64.ActiveCfg = Release|x64
		{F85F97DA-7339-4516-BC3B-7E0DEEBC2623}.Release|x64.Build.0 = Release|x64
		{F85F97DA-7339-4516-BC3B-7E0DEEBC2623}.Release|x86.ActiveCfg = Release|x86
		{F85F97DA-7339-4516-BC3B-7E0DEEBC2623}.Release|x86.Build.0 = Release|x86
		{906A93A0-8964-4396-9290-E4D2F24F3C9E}.Debug|ARM.ActiveCfg = Debug|ARM
		{906A93A0-8964-4396-9290-E4D2F24F3C9E}.Debug|ARM.Build.0 = Debug|ARM
		{906A93A0-8964-4396-9290-E4D2F24F3C9E}.Debug|ARM.Deploy.0 = Debug|ARM
		{906A93A0-8964-4396-9290-E4D2F24F3C9E}.Debug|x64.ActiveCfg = Debug|x64
		{906A93A0-8964-4396-9290-E4D2F24F3C9E}.Debug|x64.Build.0 = Debug|x64
		{906A93A0-8964-4396-9290-E4D2F24F3C9E}.Debug|x64.Deploy.0 = Debug|x64
		{906A93A0-8964-4396-9290-E4D2F24F3C9E}.Debug|x86.ActiveCfg = Debug|x86
		{906A93A0-8964-4396-9290-E4D2F24F3C9E}.Debug|x86.Build.0 = Debug|x86
		{906A93A0-8964-4396-9290-E4D2F24F3C9E}.Debug|x86.Deploy.0 = Debug|x86
		{906A93A0-8964-4396-9290-E4D2F24F3C9E}.Release|ARM.ActiveCfg = Release|ARM
		{906A93A0-8964-4396-9290-E4D2F24F3C9E}.Release|ARM.Build.0 = Release|ARM
		{906A93A0-8964-4396-9290-E4D2F24F3C9E}.Release|ARM.Deploy.0 = Release|ARM
		{906A93A0-8964-4396-9290-E4D2F24F3C9E}.Release|x64.ActiveCfg = Release|x64
		{906A93A0-8964-4396-9290-E4D2F24F3C9E}.Release|x64.Build.0 = Release|x64
		{906A93A0-8964-4396-9290-E4D2F24F3C9E}.Release|x64.Deploy.0 = Release|x64
		{906A93A0-8964-4396-9290-E4D2F24F3C9E}.Release|x86.ActiveCfg = Release|x86
		{906A93A0-8964-4396-9290-E4D2F24F3C9E}.Release|x86.Build.0 = Release|x86
		{906A93A0-8964-4396-9290-E4D2F24F3C9E}.Release|x86.Deploy.0 = Release|x86
		{93DA4A95-DD8D-4648-99BD-252A346FE502}.Debug|ARM.ActiveCfg = Debug|ARM
		{93DA4A95-DD8D-4648-99BD-252A346FE502}.Debug|ARM.Build.0 = Debug|ARM
		{93DA4A95-DD8D-4648-99BD-252A346FE502}.Debug|ARM.Deploy.0 = Debug|ARM
		{93DA4A95-DD8D-4648-99BD-252A346FE502}.Debug|x64.ActiveCfg = Debug|x64
		{93DA4A95-DD8D-4648-99BD-252A346FE502}.Debug|x64.Build.0 = Debug|x64
		{93DA4A95-DD8D-4648-99BD-252A346FE502}.Debug|x64.Deploy.0 = Debug|x64
		{93DA4A95-DD8D-4648-99BD-252A346FE502}.Debug|x86.ActiveCfg = Debug|Win32
		{93DA4A95-DD8D-4648-99BD-252A346FE502}.Debug|x86.Build.0 = Debug|Win32
		{93DA4A95-DD8D-4648-99BD-252A346FE502}.Debug|x86.Deploy.0 = Debug|Win32
		{93DA4A95-DD8D-4648-99BD-252A346FE502}.Release|ARM.ActiveCfg = Release|ARM
		{93DA4A95-DD8D-4648-99BD-252A346FE502}.Release|ARM.Build.0 = Release|ARM
		{93DA4A95-DD8D-4648-99BD-252A346FE502}.Release|ARM.Deploy.0 = Release|ARM
		{93DA4A95-DD8D-4648-99BD-252A346FE502}.Release|x64.ActiveCfg = Release|x64
		{93DA4A95-DD8D-4648-99BD-252A346FE502}.Release|x64.Build.0 = Release|x64
		{93DA4A95-DD8D-4648-99BD-252A346FE502}.Release|x64.Deploy.0 = Release|x64
		{93DA4A95-DD8D-4648-99BD-252A346FE502}.Release|x86.ActiveCfg = Release|Win32
		{93DA4A95-DD8D-4648-99BD-252A346FE502}.Release|x86.Build.0 = Release|Win32
		{93DA4A95-DD8D-4648-99BD-252A346FE502}.Release|x86.Deploy.0 = Release|Win32
		{34378584-4422-4F12-88B0-C70C11435343}.Debug|ARM.ActiveCfg = Debug|ARM
		{34378584-4422-4F12-88B0-C70C11435343}.Debug|ARM.Build.0 = Debug|ARM
		{34378584-4422-4F12-88B0-C70C11435343}.Debug|ARM.Deploy.0 = Debug|ARM
		{34378584-4422-4F12-88B0-C70C11435343}.Debug|x64.ActiveCfg = Debug|x64
		{34378584-4422-4F12-88B0-C70C11435343}.Debug|x64.Build.0 = Debug|x64
		{34378584-4422-4F12-88B0-C70C11435343}.Debug|x64.Deploy.0 = Debug|x64
		{34378584-4422-4F12-88B0-C70C11435343}.Debug|x86.ActiveCfg = Debug|Win32
		{34378584-4422-4F12-88B0-C70C11435343}.Debug|x86.Build.0 = Debug|Win32
		{34378584-4422-4F12-88B0-C70C11435343}.Debug|x86.Deploy.0 = Debug|Win32
		{34378584-4422-4F12-88B0-C70C11435343}.Release|ARM.ActiveCfg = Release|ARM
		{34378584-4422-4F12-88B0-C70C11435343}.Release|ARM.Build.0 = Release|ARM
		{34378584-4422-4F12-88B0-C70C11435343}.Release|ARM.Deploy.0 = Release|ARM
		{34378584-4422-4F12-88B0-C70C11435343}.Release|x64.ActiveCfg = Release|x64
		{34378584-4422-4F12-88B0-C70C11435343}.Release|x64.Build.0 = Release|x64
		{34378584-4422-4F12-88B0-C70C11435343}.Release|x64.Deploy.0 = Release|x64
		{34378584-4422-4F12-88B0-C70C11435343}.Release|x86.ActiveCfg = Release|Win32
		{34378584-4422-4F12-88B0-C70C11435343}.Release|x86.Build.0 = Release|Win32
		{34378584-4422-4F12-88B0-C70C11435343}.Release|x86.Deploy.0 = Release|Win32
	EndGlobalSection
	GlobalSection(SolutionProperties) = preSolution
		HideSolutionNode = FALSE
	EndGlobalSection
EndGlobal
